{
  "name": "daf-react-native-sqlite3",
  "version": "0.0.14",
  "lockfileVersion": 1,
  "requires": true,
  "dependencies": {
    "@types/react-native-sqlite-storage": {
      "version": "3.3.1",
      "resolved": "https://registry.npmjs.org/@types/react-native-sqlite-storage/-/react-native-sqlite-storage-3.3.1.tgz",
      "integrity": "sha512-IZMfZb1v1pkBzUsg8nV84QTtkfdU18A7L7iKCQ89sDYIoVpKDiiSvJitmzPTsNw8uuaU+eZW4nqptZFbmnjF3w==",
      "dev": true
    },
    "react-native-sqlite-storage": {
      "version": "4.1.0",
      "resolved": "https://registry.npmjs.org/react-native-sqlite-storage/-/react-native-sqlite-storage-4.1.0.tgz",
      "integrity": "sha512-H8++CILlZQ2f2n+OvVmGyqMaV+UFKTRSTx9/3eIAxBg4d0rjeZogs6hgHlfADvEGNmrEyUBDpnX9+uHnDtwAHQ=="
    }
  }
}
